
Microsoft Visual Studio Solution File, Format Version 12.00
# Visual Studio Version 17
VisualStudioVersion = 17.6.33829.357
MinimumVisualStudioVersion = 10.0.40219.1
Project("{FAE04EC0-301F-11D3-BF4B-00C04F79EFBC}") = "TypingWebApp", "TypingWebApp.csproj", "{4C485D1A-3821-48C5-BEF4-430850D7ACCA}"
EndProject
Global
	GlobalSection(SolutionConfigurationPlatforms) = preSolution
		Debug|Any CPU = Debug|Any CPU
		Release|Any CPU = Release|Any CPU
	EndGlobalSection
	GlobalSection(ProjectConfigurationPlatforms) = postSolution
		{4C485D1A-3821-48C5-BEF4-430850D7ACCA}.Debug|Any CPU.ActiveCfg = Debug|Any CPU
		{4C485D1A-3821-48C5-BEF4-430850D7ACCA}.Debug|Any CPU.Build.0 = Debug|Any CPU
		{4C485D1A-3821-48C5-BEF4-430850D7ACCA}.Release|Any CPU.ActiveCfg = Release|Any CPU
		{4C485D1A-3821-48C5-BEF4-430850D7ACCA}.Release|Any CPU.Build.0 = Release|Any CPU
	EndGlobalSection
	GlobalSection(SolutionProperties) = preSolution
		HideSolutionNode = FALSE
	EndGlobalSection
	GlobalSection(ExtensibilityGlobals) = postSolution
		SolutionGuid = {7DF5B2A1-EAE5-44E4-8E41-8AF12D33A133}
	EndGlobalSection
EndGlobal
